{
  "name": "ts-test",
  "version": "1.0.0",
  "lockfileVersion": 1,
  "requires": true,
  "dependencies": {
    "@types/ramda": {
      "version": "github:types/npm-ramda#9529aa3c8ff70ff84afcbc0be83443c00f30ea90",
      "from": "github:types/npm-ramda#dist",
      "dev": true
    },
    "ramda": {
      "version": "0.27.1",
      "resolved": "https://registry.nlark.com/ramda/download/ramda-0.27.1.tgz",
      "integrity": "sha1-Zvwt8++HOHT/wtpqqJhGWKus9ck="
    }
  }
}
